# THIS IS AN AUTOGENERATED FILE. DO NOT EDIT THIS FILE DIRECTLY.
# yarn lockfile v1


"@aws-cdk/assert@^2.23.0":
  version "2.23.0"
  resolved "https://registry.yarnpkg.com/@aws-cdk/assert/-/assert-2.23.0.tgz#1748ff93c7e1a90b89bd722503b8ec4f8712a573"
  integrity sha512-szfjBJznK1V33y39ExjCNf0NefA/QJhSZlevtxaUiHRhYh2ZjzOXLJhtWmrrjxO2wZFbUSrXmZOJMG59wge0Zg==
  dependencies:
    "@aws-cdk/cloudformation-diff" "2.23.0"

"@aws-cdk/assets@1.152.0":
  version "1.152.0"
  resolved "https://registry.yarnpkg.com/@aws-cdk/assets/-/assets-1.152.0.tgz#a90df458b90dc236da481959fcfa243c49132785"
  integrity sha512-PEsrKaQqf0NIik7RlIoXdbJj8KATAV4w5tLZxr1HTaUdRaPYp2U3caaU3dsqZl2Tq+/EqPbvU87vP7H4qZ28iQ==
  dependencies:
    "@aws-cdk/core" "1.152.0"
    "@aws-cdk/cx-api" "1.152.0"
    constructs "^3.3.69"

"@aws-cdk/aws-acmpca@1.152.0":
  version "1.152.0"
  resolved "https://registry.yarnpkg.com/@aws-cdk/aws-acmpca/-/aws-acmpca-1.152.0.tgz#7d84a6f6fe883bcadc58a85669770814555000a3"
  integrity sha512-ZQKQSBF0T2Bs9JOVR4VIUDx+hqVeC/L1+guyeqCaMbqenNeA2hKw0JrqAPd6NSxwSXSr/kpi4shOjeR1MpEMjw==
  dependencies:
    "@aws-cdk/core" "1.152.0"
    constructs "^3.3.69"

"@aws-cdk/aws-apigateway@1.152.0":
  version "1.152.0"
  resolved "https://registry.yarnpkg.com/@aws-cdk/aws-apigateway/-/aws-apigateway-1.152.0.tgz#16743929841ba2b08cae51dd8dfdebec87a7f733"
  integrity sha512-ZYG13EtH0+cbBp+NbHvAF2RGUP4HG5f5/VW3JJ6iZcm2+jpRcjgFedRWFGGpUwm3fF86y1CjJ/3VtvfM66Bb0g==
  dependencies:
    "@aws-cdk/aws-certificatemanager" "1.152.0"
    "@aws-cdk/aws-cloudwatch" "1.152.0"
    "@aws-cdk/aws-cognito" "1.152.0"
    "@aws-cdk/aws-ec2" "1.152.0"
    "@aws-cdk/aws-elasticloadbalancingv2" "1.152.0"
    "@aws-cdk/aws-iam" "1.152.0"
    "@aws-cdk/aws-lambda" "1.152.0"
    "@aws-cdk/aws-logs" "1.152.0"
    "@aws-cdk/aws-s3" "1.152.0"
    "@aws-cdk/aws-s3-assets" "1.152.0"
    "@aws-cdk/aws-stepfunctions" "1.152.0"
    "@aws-cdk/core" "1.152.0"
    "@aws-cdk/cx-api" "1.152.0"
    constructs "^3.3.69"

"@aws-cdk/aws-applicationautoscaling@1.152.0":
  version "1.152.0"
  resolved "https://registry.yarnpkg.com/@aws-cdk/aws-applicationautoscaling/-/aws-applicationautoscaling-1.152.0.tgz#4e055ba9594f09dff98ed139be0094b9b3067c31"
  integrity sha512-u+dCWyE6pLCFc7h3DmUJf7C8+JAcbl65XG56vIxl3meQayJ01SMt2eaEFX9/I6f93V46N41lk0Hgmi+CX5SG8Q==
  dependencies:
    "@aws-cdk/aws-autoscaling-common" "1.152.0"
    "@aws-cdk/aws-cloudwatch" "1.152.0"
    "@aws-cdk/aws-iam" "1.152.0"
    "@aws-cdk/core" "1.152.0"
    constructs "^3.3.69"

"@aws-cdk/aws-autoscaling-common@1.152.0":
  version "1.152.0"
  resolved "https://registry.yarnpkg.com/@aws-cdk/aws-autoscaling-common/-/aws-autoscaling-common-1.152.0.tgz#ea864cac8023f656498a43a63cac9e92ee46c8c2"
  integrity sha512-19l82uZC2DhoTBJdT8vR9XoO9U8lmOs3X4xFpdA7Sp+3nVEvly0Hkk2L0SZdhBuXfdlxjZ+nxdlsmAS8jzXLGg==
  dependencies:
    "@aws-cdk/aws-iam" "1.152.0"
    "@aws-cdk/core" "1.152.0"
    constructs "^3.3.69"

"@aws-cdk/aws-certificatemanager@1.152.0", "@aws-cdk/aws-certificatemanager@^1.150.0":
  version "1.152.0"
  resolved "https://registry.yarnpkg.com/@aws-cdk/aws-certificatemanager/-/aws-certificatemanager-1.152.0.tgz#f62de1c41426d447fccfc57f97cba4ad491e16ec"
  integrity sha512-YnW9kv4o3WmGsU1YYQ6eCUO3M4QLjQumDhVkEucxTRGIDXQUcBhUZ3yKQaKQ3i1bPGaILTffcg7oeeM7n5/Fmw==
  dependencies:
    "@aws-cdk/aws-acmpca" "1.152.0"
    "@aws-cdk/aws-cloudwatch" "1.152.0"
    "@aws-cdk/aws-iam" "1.152.0"
    "@aws-cdk/aws-lambda" "1.152.0"
    "@aws-cdk/aws-route53" "1.152.0"
    "@aws-cdk/core" "1.152.0"
    constructs "^3.3.69"

"@aws-cdk/aws-cloudformation@1.152.0":
  version "1.152.0"
  resolved "https://registry.yarnpkg.com/@aws-cdk/aws-cloudformation/-/aws-cloudformation-1.152.0.tgz#fe95faaa47094aef0b566c9bfaab8b5dcf68221d"
  integrity sha512-jxsbHIBw1WMIJYHW09i9/8wB7P6DrR3Wlb2R255/c3uOZafz12xICKMeolZLDLQ7wPxCNayauWiXURmZLT8G8g==
  dependencies:
    "@aws-cdk/aws-iam" "1.152.0"
    "@aws-cdk/aws-lambda" "1.152.0"
    "@aws-cdk/aws-s3" "1.152.0"
    "@aws-cdk/aws-sns" "1.152.0"
    "@aws-cdk/core" "1.152.0"
    "@aws-cdk/cx-api" "1.152.0"
    constructs "^3.3.69"

"@aws-cdk/aws-cloudfront@1.152.0", "@aws-cdk/aws-cloudfront@^1.150.0":
  version "1.152.0"
  resolved "https://registry.yarnpkg.com/@aws-cdk/aws-cloudfront/-/aws-cloudfront-1.152.0.tgz#95ee59dc45010a8b8671501f4753c0dade95c8db"
  integrity sha512-9tBIRfIvtf58DSB54dDleWC5RkJhC6A9l/t6uzOuprpgklYR0iLmKjqAB08L99RBvvfsdQhwdbcP7ISEmtGUrA==
  dependencies:
    "@aws-cdk/aws-certificatemanager" "1.152.0"
    "@aws-cdk/aws-cloudwatch" "1.152.0"
    "@aws-cdk/aws-ec2" "1.152.0"
    "@aws-cdk/aws-iam" "1.152.0"
    "@aws-cdk/aws-kms" "1.152.0"
    "@aws-cdk/aws-lambda" "1.152.0"
    "@aws-cdk/aws-s3" "1.152.0"
    "@aws-cdk/aws-ssm" "1.152.0"
    "@aws-cdk/core" "1.152.0"
    "@aws-cdk/cx-api" "1.152.0"
    constructs "^3.3.69"

"@aws-cdk/aws-cloudwatch@1.152.0":
  version "1.152.0"
  resolved "https://registry.yarnpkg.com/@aws-cdk/aws-cloudwatch/-/aws-cloudwatch-1.152.0.tgz#22c12ff1d8bfce9c4807b6ddb91b94e51120b2d6"
  integrity sha512-qMKN2QPV1749/Lhj2cbhFyVoRmRxb6fmNzl/2R6hc62RCEUNHQzfIn0iz78sy1WCl0MaQWun+PBIL13S9hsssw==
  dependencies:
    "@aws-cdk/aws-iam" "1.152.0"
    "@aws-cdk/core" "1.152.0"
    constructs "^3.3.69"

"@aws-cdk/aws-codeguruprofiler@1.152.0":
  version "1.152.0"
  resolved "https://registry.yarnpkg.com/@aws-cdk/aws-codeguruprofiler/-/aws-codeguruprofiler-1.152.0.tgz#080c038fd796e8ef2bc95d80d3b0c3520a1b8a10"
  integrity sha512-S1it9kv/1yS7MCUI7R+5dqxdd7fEFhkBG7DdSQAkLiRFY1sZ4BmPjPP266LfekPWeDMZlPAgtoz1e7P1oDkvUQ==
  dependencies:
    "@aws-cdk/aws-iam" "1.152.0"
    "@aws-cdk/core" "1.152.0"
    constructs "^3.3.69"

"@aws-cdk/aws-codestarnotifications@1.152.0":
  version "1.152.0"
  resolved "https://registry.yarnpkg.com/@aws-cdk/aws-codestarnotifications/-/aws-codestarnotifications-1.152.0.tgz#85bcb4f95292f720f1e43a9b8dce77523470c82e"
  integrity sha512-Xkz8NaMhGkF6ZZ3MFM4xUARubKt0h7jk0+DftadzVzH+1EBJYbi+6g9Hnfkhd1/mMQMXXg3fnlQL/Z6YC80xRw==
  dependencies:
    "@aws-cdk/core" "1.152.0"
    constructs "^3.3.69"

"@aws-cdk/aws-cognito@1.152.0":
  version "1.152.0"
  resolved "https://registry.yarnpkg.com/@aws-cdk/aws-cognito/-/aws-cognito-1.152.0.tgz#cc3e1fff85876c1b6f2e8266e10816941bc64b44"
  integrity sha512-aVxUXmonew0L36cYBdAv1oIZDr1gmstEcVg6eezt2ovsg5Wpn7cA6JI2YqcNvsccHs2mIOpS3p7MH6IIQrvvnQ==
  dependencies:
    "@aws-cdk/aws-certificatemanager" "1.152.0"
    "@aws-cdk/aws-iam" "1.152.0"
    "@aws-cdk/aws-kms" "1.152.0"
    "@aws-cdk/aws-lambda" "1.152.0"
    "@aws-cdk/core" "1.152.0"
    "@aws-cdk/custom-resources" "1.152.0"
    constructs "^3.3.69"
    punycode "^2.1.1"

"@aws-cdk/aws-ec2@1.152.0":
  version "1.152.0"
  resolved "https://registry.yarnpkg.com/@aws-cdk/aws-ec2/-/aws-ec2-1.152.0.tgz#0bef1dc1a4d051b5f4d0a9563f08712689007f81"
  integrity sha512-8hv55cFpo73r17gacfFMde+C/OpzkUE0K3Pn0hiSUkPh9mkm3BSHV5IBGOa6ZQiMovE/bQtDvYA/W1W5nJsJpw==
  dependencies:
    "@aws-cdk/aws-cloudwatch" "1.152.0"
    "@aws-cdk/aws-iam" "1.152.0"
    "@aws-cdk/aws-kms" "1.152.0"
    "@aws-cdk/aws-logs" "1.152.0"
    "@aws-cdk/aws-s3" "1.152.0"
    "@aws-cdk/aws-s3-assets" "1.152.0"
    "@aws-cdk/aws-ssm" "1.152.0"
    "@aws-cdk/cloud-assembly-schema" "1.152.0"
    "@aws-cdk/core" "1.152.0"
    "@aws-cdk/cx-api" "1.152.0"
    "@aws-cdk/region-info" "1.152.0"
    constructs "^3.3.69"

"@aws-cdk/aws-ecr-assets@1.152.0":
  version "1.152.0"
  resolved "https://registry.yarnpkg.com/@aws-cdk/aws-ecr-assets/-/aws-ecr-assets-1.152.0.tgz#2119b5f6eb498e71930852acaad9af2e816a9a26"
  integrity sha512-jVwB+Z+JFeM2NuHefqeZwovO/vawtVQBiexFoTainEglKFuX+xI9swpYbRJfoRaFBY7/X1TeKgci8orLFphxmQ==
  dependencies:
    "@aws-cdk/assets" "1.152.0"
    "@aws-cdk/aws-ecr" "1.152.0"
    "@aws-cdk/aws-iam" "1.152.0"
    "@aws-cdk/aws-s3" "1.152.0"
    "@aws-cdk/core" "1.152.0"
    "@aws-cdk/cx-api" "1.152.0"
    constructs "^3.3.69"

"@aws-cdk/aws-ecr@1.152.0":
  version "1.152.0"
  resolved "https://registry.yarnpkg.com/@aws-cdk/aws-ecr/-/aws-ecr-1.152.0.tgz#e79afc339592a562a14acb736a6688fe90c7d220"
  integrity sha512-c95MF+I44zFX4n6SeuJNUKHqws2nXAQQrxuDo/xQxuKyuqMl2zE9+wTCTr5vXNabplkDBckFxNkA4QZyN47QEw==
  dependencies:
    "@aws-cdk/aws-events" "1.152.0"
    "@aws-cdk/aws-iam" "1.152.0"
    "@aws-cdk/aws-kms" "1.152.0"
    "@aws-cdk/core" "1.152.0"
    constructs "^3.3.69"

"@aws-cdk/aws-efs@1.152.0":
  version "1.152.0"
  resolved "https://registry.yarnpkg.com/@aws-cdk/aws-efs/-/aws-efs-1.152.0.tgz#f597af0a51d75944773bce7aaba55f841d8cdfcb"
  integrity sha512-CuacyJXttDM85gTfdRkIm/r+Jg1covSLQkSWktbdV/Tqr+C5DuYKDoLN5d4sFJIX0pNSVV5czr3XSoSlQJ/gHw==
  dependencies:
    "@aws-cdk/aws-ec2" "1.152.0"
    "@aws-cdk/aws-iam" "1.152.0"
    "@aws-cdk/aws-kms" "1.152.0"
    "@aws-cdk/cloud-assembly-schema" "1.152.0"
    "@aws-cdk/core" "1.152.0"
    "@aws-cdk/cx-api" "1.152.0"
    constructs "^3.3.69"

"@aws-cdk/aws-elasticloadbalancing@1.152.0":
  version "1.152.0"
  resolved "https://registry.yarnpkg.com/@aws-cdk/aws-elasticloadbalancing/-/aws-elasticloadbalancing-1.152.0.tgz#c942c33c88eec770a5b20023f6572e8670bdeb97"
  integrity sha512-stevB7UEfP3CaS79qJtq8BJW8HZocF9eovf12vDGb7t6kkxIb7Ar/4ClLXO0TLPfh2ewGbaO9Jjdkq44N9UxAg==
  dependencies:
    "@aws-cdk/aws-ec2" "1.152.0"
    "@aws-cdk/core" "1.152.0"
    constructs "^3.3.69"

"@aws-cdk/aws-elasticloadbalancingv2@1.152.0":
  version "1.152.0"
  resolved "https://registry.yarnpkg.com/@aws-cdk/aws-elasticloadbalancingv2/-/aws-elasticloadbalancingv2-1.152.0.tgz#417779105821d0a724afe6eaedd3d62012419dfb"
  integrity sha512-deSJUGZmrmoc7avcInGfFTnoj60yVj+wYmAjE6AgeE9WV6VM74QMSzSoQfX6ZkBDvBLTA4hVFa2BBmuyJbzz0g==
  dependencies:
    "@aws-cdk/aws-certificatemanager" "1.152.0"
    "@aws-cdk/aws-cloudwatch" "1.152.0"
    "@aws-cdk/aws-ec2" "1.152.0"
    "@aws-cdk/aws-iam" "1.152.0"
    "@aws-cdk/aws-lambda" "1.152.0"
    "@aws-cdk/aws-s3" "1.152.0"
    "@aws-cdk/cloud-assembly-schema" "1.152.0"
    "@aws-cdk/core" "1.152.0"
    "@aws-cdk/cx-api" "1.152.0"
    "@aws-cdk/region-info" "1.152.0"
    constructs "^3.3.69"

"@aws-cdk/aws-events@1.152.0":
  version "1.152.0"
  resolved "https://registry.yarnpkg.com/@aws-cdk/aws-events/-/aws-events-1.152.0.tgz#105c8eb8e7f964b570dc88017af648d14a535c58"
  integrity sha512-gGbsrKVkLrn+OcC/bx/C/BOKMRc+AtX6cvuvr2Bt6B3PrgXCje7fCsK4+IFDBcZOS5OUjXyGwp+MKUFMUVHSBQ==
  dependencies:
    "@aws-cdk/aws-iam" "1.152.0"
    "@aws-cdk/core" "1.152.0"
    constructs "^3.3.69"

"@aws-cdk/aws-globalaccelerator@1.152.0":
  version "1.152.0"
  resolved "https://registry.yarnpkg.com/@aws-cdk/aws-globalaccelerator/-/aws-globalaccelerator-1.152.0.tgz#b3d99e90e76829bcebe534c29e30edf395f0b091"
  integrity sha512-5bH688nx4sGoDpzxWRGjJ5Cm9hNVqg5Svms5zfi1VJmlvofcLYh2jwVrMp4ApMVaHjwUNcq+5D+0LCPf5/CRUg==
  dependencies:
    "@aws-cdk/aws-ec2" "1.152.0"
    "@aws-cdk/core" "1.152.0"
    "@aws-cdk/custom-resources" "1.152.0"
    constructs "^3.3.69"

"@aws-cdk/aws-iam@1.152.0", "@aws-cdk/aws-iam@^1.150.0":
  version "1.152.0"
  resolved "https://registry.yarnpkg.com/@aws-cdk/aws-iam/-/aws-iam-1.152.0.tgz#a82461794148ce36f630f391fa89dfea8a208744"
  integrity sha512-Nwi3DAhWyJE1SDnhYeutio/RnjzfrM5UguSLEeHDg8/r5pIg6297V7y4YhEgqNM3+CRLDu8KyuBXRxZp4ZixpQ==
  dependencies:
    "@aws-cdk/core" "1.152.0"
    "@aws-cdk/cx-api" "1.152.0"
    "@aws-cdk/region-info" "1.152.0"
    constructs "^3.3.69"

"@aws-cdk/aws-kms@1.152.0":
  version "1.152.0"
  resolved "https://registry.yarnpkg.com/@aws-cdk/aws-kms/-/aws-kms-1.152.0.tgz#28be3f98cee36cd1a3550b68831b2eeec171b8c6"
  integrity sha512-+nj0o2heN70JdHfXnrEE2Kne8XB2FbwJw7XXxNesgcOGnlpP2vVBB9KrGs8QQe4JoC++5enktqwzpSkZNPtwxw==
  dependencies:
    "@aws-cdk/aws-iam" "1.152.0"
    "@aws-cdk/cloud-assembly-schema" "1.152.0"
    "@aws-cdk/core" "1.152.0"
    "@aws-cdk/cx-api" "1.152.0"
    constructs "^3.3.69"

"@aws-cdk/aws-lambda@1.152.0":
  version "1.152.0"
  resolved "https://registry.yarnpkg.com/@aws-cdk/aws-lambda/-/aws-lambda-1.152.0.tgz#2a2a2ac964f18d0a68e9e5a986f4549d65aa8204"
  integrity sha512-scwA2pSYuSEpJSzcfCfkgRtMnlfXMfVbwIE28oKAq5y8kIYUg1GXSGICqL0cxAZjB8HBqiW3nI5o27gbfs0thQ==
  dependencies:
    "@aws-cdk/aws-applicationautoscaling" "1.152.0"
    "@aws-cdk/aws-cloudwatch" "1.152.0"
    "@aws-cdk/aws-codeguruprofiler" "1.152.0"
    "@aws-cdk/aws-ec2" "1.152.0"
    "@aws-cdk/aws-ecr" "1.152.0"
    "@aws-cdk/aws-ecr-assets" "1.152.0"
    "@aws-cdk/aws-efs" "1.152.0"
    "@aws-cdk/aws-events" "1.152.0"
    "@aws-cdk/aws-iam" "1.152.0"
    "@aws-cdk/aws-kms" "1.152.0"
    "@aws-cdk/aws-logs" "1.152.0"
    "@aws-cdk/aws-s3" "1.152.0"
    "@aws-cdk/aws-s3-assets" "1.152.0"
    "@aws-cdk/aws-signer" "1.152.0"
    "@aws-cdk/aws-sns" "1.152.0"
    "@aws-cdk/aws-sqs" "1.152.0"
    "@aws-cdk/core" "1.152.0"
    "@aws-cdk/cx-api" "1.152.0"
    "@aws-cdk/region-info" "1.152.0"
    constructs "^3.3.69"

"@aws-cdk/aws-logs@1.152.0":
  version "1.152.0"
  resolved "https://registry.yarnpkg.com/@aws-cdk/aws-logs/-/aws-logs-1.152.0.tgz#31c280b5b67ebfe91b016628587260ba13489bce"
  integrity sha512-UhNdaDxHeVtrNelRbt+e+ZBJHfzdiVWku4e9TpfN3/tiCm9YNmwaY71NyeExMwdCFqIFwDhzv1GEeoghU+5k+Q==
  dependencies:
    "@aws-cdk/aws-cloudwatch" "1.152.0"
    "@aws-cdk/aws-iam" "1.152.0"
    "@aws-cdk/aws-kms" "1.152.0"
    "@aws-cdk/aws-s3-assets" "1.152.0"
    "@aws-cdk/core" "1.152.0"
    "@aws-cdk/cx-api" "1.152.0"
    constructs "^3.3.69"

"@aws-cdk/aws-route53-targets@^1.150.0":
  version "1.152.0"
  resolved "https://registry.yarnpkg.com/@aws-cdk/aws-route53-targets/-/aws-route53-targets-1.152.0.tgz#c28f714b3434e475ee50d40a02b947dd91d12d71"
  integrity sha512-hJWR9V0C+8gTHCgGHxPbzdOM4Y1ym7rPuhOMpg8x0HVoVWkBHIC5uYAaYdtdW7/IrrIZuRZI8dFPC7YSXIeAfQ==
  dependencies:
    "@aws-cdk/aws-apigateway" "1.152.0"
    "@aws-cdk/aws-cloudfront" "1.152.0"
    "@aws-cdk/aws-cognito" "1.152.0"
    "@aws-cdk/aws-ec2" "1.152.0"
    "@aws-cdk/aws-elasticloadbalancing" "1.152.0"
    "@aws-cdk/aws-elasticloadbalancingv2" "1.152.0"
    "@aws-cdk/aws-globalaccelerator" "1.152.0"
    "@aws-cdk/aws-iam" "1.152.0"
    "@aws-cdk/aws-route53" "1.152.0"
    "@aws-cdk/aws-s3" "1.152.0"
    "@aws-cdk/core" "1.152.0"
    "@aws-cdk/region-info" "1.152.0"
    constructs "^3.3.69"

"@aws-cdk/aws-route53@1.152.0", "@aws-cdk/aws-route53@^1.150.0":
  version "1.152.0"
  resolved "https://registry.yarnpkg.com/@aws-cdk/aws-route53/-/aws-route53-1.152.0.tgz#edf4463ee5858908e1da4553acf889940d89d9e8"
  integrity sha512-GrIPpcT+S881n/HRpwk2rjVScKFDZP4bdJtxXkHEpeQoXtU8TBQkRDIJYa7afLNNCXz9PcF//Ng9EkC5nxjTzQ==
  dependencies:
    "@aws-cdk/aws-ec2" "1.152.0"
    "@aws-cdk/aws-iam" "1.152.0"
    "@aws-cdk/aws-logs" "1.152.0"
    "@aws-cdk/cloud-assembly-schema" "1.152.0"
    "@aws-cdk/core" "1.152.0"
    "@aws-cdk/custom-resources" "1.152.0"
    constructs "^3.3.69"

"@aws-cdk/aws-s3-assets@1.152.0":
  version "1.152.0"
  resolved "https://registry.yarnpkg.com/@aws-cdk/aws-s3-assets/-/aws-s3-assets-1.152.0.tgz#c0e0c760322c9cbbe7449b2ecffae66fdb267cf0"
  integrity sha512-W5dt0ZniWJEA+7KXsGqttlmVfTZznsS8cJFesBN/TesQUq1MR/v7D/CgoetZWNdZJtZ6DJuqD2NBS2g7bcLFOA==
  dependencies:
    "@aws-cdk/assets" "1.152.0"
    "@aws-cdk/aws-iam" "1.152.0"
    "@aws-cdk/aws-kms" "1.152.0"
    "@aws-cdk/aws-s3" "1.152.0"
    "@aws-cdk/core" "1.152.0"
    "@aws-cdk/cx-api" "1.152.0"
    constructs "^3.3.69"

"@aws-cdk/aws-s3-deployment@^1.150.0":
  version "1.152.0"
  resolved "https://registry.yarnpkg.com/@aws-cdk/aws-s3-deployment/-/aws-s3-deployment-1.152.0.tgz#3c83f79959d46733043b2880a02027eebe69aebb"
  integrity sha512-+4WDJHBBr7TeDHhzudlz1l55DUSI7q2uSMuzhRy5dEfZTtQFuf5qzS7Fz+LXP51Nn9/8vuAUeDsxs/Wl3mRoSA==
  dependencies:
    "@aws-cdk/aws-cloudfront" "1.152.0"
    "@aws-cdk/aws-ec2" "1.152.0"
    "@aws-cdk/aws-efs" "1.152.0"
    "@aws-cdk/aws-iam" "1.152.0"
    "@aws-cdk/aws-lambda" "1.152.0"
    "@aws-cdk/aws-logs" "1.152.0"
    "@aws-cdk/aws-s3" "1.152.0"
    "@aws-cdk/aws-s3-assets" "1.152.0"
    "@aws-cdk/core" "1.152.0"
    "@aws-cdk/lambda-layer-awscli" "1.152.0"
    case "1.6.3"
    constructs "^3.3.69"

"@aws-cdk/aws-s3@1.152.0", "@aws-cdk/aws-s3@^1.150.0":
  version "1.152.0"
  resolved "https://registry.yarnpkg.com/@aws-cdk/aws-s3/-/aws-s3-1.152.0.tgz#fd4a830f638dd9af2237c1a18555a5f181d2c5b5"
  integrity sha512-3a6uGMdZ41OWTDXo4b3rM9FUCBKEUVBt/kgm07GZq2kBj13/d6O7DBWp1bUq0fYIjftk2AAXkXOwsORuPMgiPw==
  dependencies:
    "@aws-cdk/aws-events" "1.152.0"
    "@aws-cdk/aws-iam" "1.152.0"
    "@aws-cdk/aws-kms" "1.152.0"
    "@aws-cdk/core" "1.152.0"
    "@aws-cdk/cx-api" "1.152.0"
    constructs "^3.3.69"

"@aws-cdk/aws-signer@1.152.0":
  version "1.152.0"
  resolved "https://registry.yarnpkg.com/@aws-cdk/aws-signer/-/aws-signer-1.152.0.tgz#6404b711bd27497d81dfd2da3a52f96247a29b1c"
  integrity sha512-DB1BogYuba4T4jcPfgddvOATILSUU+3t4w41v9j6ILihG0MHRl3LxhXnTRXO4WTuRHUdIgzf7CnhCHZlC4JvDg==
  dependencies:
    "@aws-cdk/core" "1.152.0"
    constructs "^3.3.69"

"@aws-cdk/aws-sns@1.152.0":
  version "1.152.0"
  resolved "https://registry.yarnpkg.com/@aws-cdk/aws-sns/-/aws-sns-1.152.0.tgz#5ee1125077681d486a36a0d6745f9b12e3f6e09d"
  integrity sha512-vmKyR1NdRBAbzmzq1jBCnjGmF3FhSjAuQMfHNDxNdjTSAh2gtBWG2I4BHfjOFe4htQDWAkGxTqHnXSr0lxHdaw==
  dependencies:
    "@aws-cdk/aws-cloudwatch" "1.152.0"
    "@aws-cdk/aws-codestarnotifications" "1.152.0"
    "@aws-cdk/aws-events" "1.152.0"
    "@aws-cdk/aws-iam" "1.152.0"
    "@aws-cdk/aws-kms" "1.152.0"
    "@aws-cdk/aws-sqs" "1.152.0"
    "@aws-cdk/core" "1.152.0"
    constructs "^3.3.69"

"@aws-cdk/aws-sqs@1.152.0":
  version "1.152.0"
  resolved "https://registry.yarnpkg.com/@aws-cdk/aws-sqs/-/aws-sqs-1.152.0.tgz#6f526cc42725109390d737717849fe7f9b9c1c4b"
  integrity sha512-3iywkWepUrrgKCAUR2HbGVNRoHVZXCd+Ap9um2PU03Z//5xW4cnoXADmgD4QR5TXVSycMSfQqHTY/QuoaCZ8wg==
  dependencies:
    "@aws-cdk/aws-cloudwatch" "1.152.0"
    "@aws-cdk/aws-iam" "1.152.0"
    "@aws-cdk/aws-kms" "1.152.0"
    "@aws-cdk/core" "1.152.0"
    constructs "^3.3.69"

"@aws-cdk/aws-ssm@1.152.0":
  version "1.152.0"
  resolved "https://registry.yarnpkg.com/@aws-cdk/aws-ssm/-/aws-ssm-1.152.0.tgz#ddea1ec97b9a9f5078078dda42ab20ce75208f2b"
  integrity sha512-sXmdGtkFJKR+Ny0iG6HNUHPFI63yOb1wWb5qtVhbM25C73H571OQ2rItUwfgfJCoJbJQSyLPkbwLUvEemzz/ig==
  dependencies:
    "@aws-cdk/aws-iam" "1.152.0"
    "@aws-cdk/aws-kms" "1.152.0"
    "@aws-cdk/cloud-assembly-schema" "1.152.0"
    "@aws-cdk/core" "1.152.0"
    constructs "^3.3.69"

"@aws-cdk/aws-stepfunctions@1.152.0":
  version "1.152.0"
  resolved "https://registry.yarnpkg.com/@aws-cdk/aws-stepfunctions/-/aws-stepfunctions-1.152.0.tgz#db1a6180b9c2bf2cf285cf2432d80d56099c19e7"
  integrity sha512-GsPeER6XTgEhlQzaBkX/rWRnpHkochG5N/MwXz12L9V5J3wxKFkWbY2yD1hF32gCIdRW4eZ0HyRmXN3BCsX4KA==
  dependencies:
    "@aws-cdk/aws-cloudwatch" "1.152.0"
    "@aws-cdk/aws-events" "1.152.0"
    "@aws-cdk/aws-iam" "1.152.0"
    "@aws-cdk/aws-logs" "1.152.0"
    "@aws-cdk/aws-s3" "1.152.0"
    "@aws-cdk/core" "1.152.0"
    constructs "^3.3.69"

"@aws-cdk/cfnspec@2.23.0":
  version "2.23.0"
  resolved "https://registry.yarnpkg.com/@aws-cdk/cfnspec/-/cfnspec-2.23.0.tgz#21d0ebcb4ee56bd910b726e45c914a581cea3c0f"
  integrity sha512-SzOj4nPdaRl826Hj8Pcln4cHCNBZGCI/7fQS1OGwIiU2M8IfGmZh/sC53+Muf9OR5ARcKW3tWziolyd4mkhRRw==
  dependencies:
    fs-extra "^9.1.0"
    md5 "^2.3.0"

"@aws-cdk/cloud-assembly-schema@1.152.0":
  version "1.152.0"
  resolved "https://registry.yarnpkg.com/@aws-cdk/cloud-assembly-schema/-/cloud-assembly-schema-1.152.0.tgz#779acdfbb5232397cb148a1d76ba7e64a476c18b"
  integrity sha512-DEb+760eRhTGsclAaLqWJijMPsl789/JR54qP83RHEkj4tYxy5s6LMIfCMLAvLTjAR23lzk+7/0OvHNwUHiMYw==
  dependencies:
    jsonschema "^1.4.0"
    semver "^7.3.5"

"@aws-cdk/cloudformation-diff@2.23.0":
  version "2.23.0"
  resolved "https://registry.yarnpkg.com/@aws-cdk/cloudformation-diff/-/cloudformation-diff-2.23.0.tgz#65632ba701f9b6fac7065659c757b46140d84c3e"
  integrity sha512-+lqBr+JVg7+xnusxxTU52PiyhgOZWnYBLyEMqCOWQW+4vPqVSc5su7qlWUtsdfayat65Xc/JSczb1c/2iPbmYg==
  dependencies:
    "@aws-cdk/cfnspec" "2.23.0"
    "@types/node" "^10.17.60"
    chalk "^4"
    diff "^5.0.0"
    fast-deep-equal "^3.1.3"
    string-width "^4.2.3"
    table "^6.8.0"

"@aws-cdk/core@1.152.0", "@aws-cdk/core@^1.150.0":
  version "1.152.0"
  resolved "https://registry.yarnpkg.com/@aws-cdk/core/-/core-1.152.0.tgz#dd6692c8618b3d8e311aa682cae05c335fc79e4a"
  integrity sha512-P9BLrD/cFiJ4uxSUp5+Gf/Fc/IAn8Vhp3QCMcFsD3gB2JrUnxuloHwBzu1zdZVa2k2QdLBTHor1YNFFjs3zdLQ==
  dependencies:
    "@aws-cdk/cloud-assembly-schema" "1.152.0"
    "@aws-cdk/cx-api" "1.152.0"
    "@aws-cdk/region-info" "1.152.0"
    "@balena/dockerignore" "^1.0.2"
    constructs "^3.3.69"
    fs-extra "^9.1.0"
    ignore "^5.2.0"
    minimatch "^3.1.2"

"@aws-cdk/custom-resources@1.152.0":
  version "1.152.0"
  resolved "https://registry.yarnpkg.com/@aws-cdk/custom-resources/-/custom-resources-1.152.0.tgz#f8ea849f4c6d27d84d5b76ca44d2ae0d12a08beb"
  integrity sha512-JjDhgJQQzcyIkeC46FEp1T5wyJhfW9Kzkw9/Nj74ILkWjhdLG7zDLtECnSwr4G/F0nt5+71Ddrj5J/Ej+KwsUA==
  dependencies:
    "@aws-cdk/aws-cloudformation" "1.152.0"
    "@aws-cdk/aws-ec2" "1.152.0"
    "@aws-cdk/aws-iam" "1.152.0"
    "@aws-cdk/aws-lambda" "1.152.0"
    "@aws-cdk/aws-logs" "1.152.0"
    "@aws-cdk/aws-sns" "1.152.0"
    "@aws-cdk/core" "1.152.0"
    constructs "^3.3.69"

"@aws-cdk/cx-api@1.152.0":
  version "1.152.0"
  resolved "https://registry.yarnpkg.com/@aws-cdk/cx-api/-/cx-api-1.152.0.tgz#0571c1dba1f55c0ac063b74dd764e04cb8bd035f"
  integrity sha512-v6oMPMUEZrg+hEB5rVlYlWugwHKVNsBWzvT+1Hl7h6SyadTSh08wby4uyzGk/mxWusk4NwW1FMaIYtsG5BNF4A==
  dependencies:
    "@aws-cdk/cloud-assembly-schema" "1.152.0"
    semver "^7.3.5"

"@aws-cdk/lambda-layer-awscli@1.152.0":
  version "1.152.0"
  resolved "https://registry.yarnpkg.com/@aws-cdk/lambda-layer-awscli/-/lambda-layer-awscli-1.152.0.tgz#bb2d836345c0216e7a7afdce9ad121cb1b67ef5f"
  integrity sha512-1ek52jalCDoXgdfbUFCDmqV9t7ndOeN7AE6IZZJSbcq91Nl3/Hfxex/ktc73nCOjOC0xBJDKxmzz1iTM2eO2mQ==
  dependencies:
    "@aws-cdk/aws-lambda" "1.152.0"
    "@aws-cdk/core" "1.152.0"
    constructs "^3.3.69"

"@aws-cdk/region-info@1.152.0":
  version "1.152.0"
  resolved "https://registry.yarnpkg.com/@aws-cdk/region-info/-/region-info-1.152.0.tgz#02ff31c186151cd3deb504bc9998fde18537073f"
  integrity sha512-LJKb6W9RKJegw25H+RcUvxRyN8yIbez7m9OSvk/HSJZQVllxTyf3427gYgkwSjPvYnzBIuQEuH4lpZs96imh2A==

"@balena/dockerignore@^1.0.2":
  version "1.0.2"
  resolved "https://registry.yarnpkg.com/@balena/dockerignore/-/dockerignore-1.0.2.tgz#9ffe4726915251e8eb69f44ef3547e0da2c03e0d"
  integrity sha512-wMue2Sy4GAVTk6Ic4tJVcnfdau+gx2EnG7S+uAEe+TWJFqE4YoWN4/H8MSLj4eYJKxGg26lZwboEniNiNwZQ6Q==

"@cspotcode/source-map-consumer@0.8.0":
  version "0.8.0"
  resolved "https://registry.yarnpkg.com/@cspotcode/source-map-consumer/-/source-map-consumer-0.8.0.tgz#33bf4b7b39c178821606f669bbc447a6a629786b"
  integrity sha512-41qniHzTU8yAGbCp04ohlmSrZf8bkf/iJsl3V0dRGsQN/5GFfx+LbCSsCpp2gqrqjTVg/K6O8ycoV35JIwAzAg==

"@cspotcode/source-map-support@0.7.0":
  version "0.7.0"
  resolved "https://registry.yarnpkg.com/@cspotcode/source-map-support/-/source-map-support-0.7.0.tgz#4789840aa859e46d2f3173727ab707c66bf344f5"
  integrity sha512-X4xqRHqN8ACt2aHVe51OxeA2HjbcL4MqFqXkrmQszJ1NOUuUu5u6Vqx/0lZSVNku7velL5FC/s5uEAj1lsBMhA==
  dependencies:
    "@cspotcode/source-map-consumer" "0.8.0"

"@tsconfig/node10@^1.0.7":
  version "1.0.8"
  resolved "https://registry.yarnpkg.com/@tsconfig/node10/-/node10-1.0.8.tgz#c1e4e80d6f964fbecb3359c43bd48b40f7cadad9"
  integrity sha512-6XFfSQmMgq0CFLY1MslA/CPUfhIL919M1rMsa5lP2P097N2Wd1sSX0tx1u4olM16fLNhtHZpRhedZJphNJqmZg==

"@tsconfig/node12@^1.0.7":
  version "1.0.9"
  resolved "https://registry.yarnpkg.com/@tsconfig/node12/-/node12-1.0.9.tgz#62c1f6dee2ebd9aead80dc3afa56810e58e1a04c"
  integrity sha512-/yBMcem+fbvhSREH+s14YJi18sp7J9jpuhYByADT2rypfajMZZN4WQ6zBGgBKp53NKmqI36wFYDb3yaMPurITw==

"@tsconfig/node14@^1.0.0":
  version "1.0.1"
  resolved "https://registry.yarnpkg.com/@tsconfig/node14/-/node14-1.0.1.tgz#95f2d167ffb9b8d2068b0b235302fafd4df711f2"
  integrity sha512-509r2+yARFfHHE7T6Puu2jjkoycftovhXRqW328PDXTVGKihlb1P8Z9mMZH04ebyajfRY7dedfGynlrFHJUQCg==

"@tsconfig/node16@^1.0.2":
  version "1.0.2"
  resolved "https://registry.yarnpkg.com/@tsconfig/node16/-/node16-1.0.2.tgz#423c77877d0569db20e1fc80885ac4118314010e"
  integrity sha512-eZxlbI8GZscaGS7kkc/trHTT5xgrjH3/1n2JDwusC9iahPKWMRvRjJSAN5mCXviuTGQ/lHnhvv8Q1YTpnfz9gA==

"@types/jest@^27.4.1":
  version "27.4.1"
  resolved "https://registry.yarnpkg.com/@types/jest/-/jest-27.4.1.tgz#185cbe2926eaaf9662d340cc02e548ce9e11ab6d"
  integrity sha512-23iPJADSmicDVrWk+HT58LMJtzLAnB2AgIzplQuq/bSrGaxCrlvRFjGbXmamnnk/mAmCdLStiGqggu28ocUyiw==
  dependencies:
    jest-matcher-utils "^27.0.0"
    pretty-format "^27.0.0"

"@types/node@^10.17.60":
  version "10.17.60"
  resolved "https://registry.yarnpkg.com/@types/node/-/node-10.17.60.tgz#35f3d6213daed95da7f0f73e75bcc6980e90597b"
  integrity sha512-F0KIgDJfy2nA3zMLmWGKxcH2ZVEtCZXHHdOQs2gSaQ27+lNeEfGxzkIw90aXswATX7AZ33tahPbzy6KAfUreVw==

"@types/node@^17.0.30":
  version "17.0.30"
  resolved "https://registry.yarnpkg.com/@types/node/-/node-17.0.30.tgz#2c6e8512acac70815e8176aa30c38025067880ef"
  integrity sha512-oNBIZjIqyHYP8VCNAV9uEytXVeXG2oR0w9lgAXro20eugRQfY002qr3CUl6BAe+Yf/z3CRjPdz27Pu6WWtuSRw==

acorn-walk@^8.1.1:
  version "8.2.0"
  resolved "https://registry.yarnpkg.com/acorn-walk/-/acorn-walk-8.2.0.tgz#741210f2e2426454508853a2f44d0ab83b7f69c1"
  integrity sha512-k+iyHEuPgSw6SbuDpGQM+06HQUa04DZ3o+F6CSzXMvvI5KMvnaEqXe+YVe555R9nn6GPt404fos4wcgpw12SDA==

acorn@^8.4.1:
  version "8.7.0"
  resolved "https://registry.yarnpkg.com/acorn/-/acorn-8.7.0.tgz#90951fde0f8f09df93549481e5fc141445b791cf"
  integrity sha512-V/LGr1APy+PXIwKebEWrkZPwoeoF+w1jiOBUmuxuiUIaOHtob8Qc9BTrYo7VuI5fR8tqsy+buA2WFooR5olqvQ==

ajv@^8.0.1:
  version "8.10.0"
  resolved "https://registry.yarnpkg.com/ajv/-/ajv-8.10.0.tgz#e573f719bd3af069017e3b66538ab968d040e54d"
  integrity sha512-bzqAEZOjkrUMl2afH8dknrq5KEk2SrwdBROR+vH1EKVQTqaUbJVPdc/gEdggTMM0Se+s+Ja4ju4TlNcStKl2Hw==
  dependencies:
    fast-deep-equal "^3.1.1"
    json-schema-traverse "^1.0.0"
    require-from-string "^2.0.2"
    uri-js "^4.2.2"

ansi-regex@^5.0.1:
  version "5.0.1"
  resolved "https://registry.yarnpkg.com/ansi-regex/-/ansi-regex-5.0.1.tgz#082cb2c89c9fe8659a311a53bd6a4dc5301db304"
  integrity sha512-quJQXlTSUGL2LH9SUXo8VwsY4soanhgo6LNSm84E1LBcE8s3O0wpdiRzyR9z/ZZJMlMWv37qOOb9pdJlMUEKFQ==

ansi-styles@^4.0.0, ansi-styles@^4.1.0:
  version "4.3.0"
  resolved "https://registry.yarnpkg.com/ansi-styles/-/ansi-styles-4.3.0.tgz#edd803628ae71c04c85ae7a0906edad34b648937"
  integrity sha512-zbB9rCJAT1rbjiVDb2hqKFHNYLxgtk8NURxZ3IZwD3F6NtxbXZQCnnSi1Lkx+IDohdPlFp222wVALIheZJQSEg==
  dependencies:
    color-convert "^2.0.1"

ansi-styles@^5.0.0:
  version "5.2.0"
  resolved "https://registry.yarnpkg.com/ansi-styles/-/ansi-styles-5.2.0.tgz#07449690ad45777d1924ac2abb2fc8895dba836b"
  integrity sha512-Cxwpt2SfTzTtXcfOlzGEee8O+c+MmUgGrNiBcXnuWxuFJHe6a5Hz7qwhwe5OgaSYI0IJvkLqWX1ASG+cJOkEiA==

arg@^4.1.0:
  version "4.1.3"
  resolved "https://registry.yarnpkg.com/arg/-/arg-4.1.3.tgz#269fc7ad5b8e42cb63c896d5666017261c144089"
  integrity sha512-58S9QDqG0Xx27YwPSt9fJxivjYl432YCwfDMfZ+71RAqUrZef7LrKQZ3LHLOwCS4FLNBplP533Zx895SeOCHvA==

astral-regex@^2.0.0:
  version "2.0.0"
  resolved "https://registry.yarnpkg.com/astral-regex/-/astral-regex-2.0.0.tgz#483143c567aeed4785759c0865786dc77d7d2e31"
  integrity sha512-Z7tMw1ytTXt5jqMcOP+OQteU1VuNK9Y02uuJtKQ1Sv69jXQKKg5cibLwGJow8yzZP+eAc18EmLGPal0bp36rvQ==

at-least-node@^1.0.0:
  version "1.0.0"
  resolved "https://registry.yarnpkg.com/at-least-node/-/at-least-node-1.0.0.tgz#602cd4b46e844ad4effc92a8011a3c46e0238dc2"
  integrity sha512-+q/t7Ekv1EDY2l6Gda6LLiX14rU9TV20Wa3ofeQmwPFZbOMo9DXrLbOjFaaclkXKWidIaopwAObQDqwWtGUjqg==

aws-cdk@^2.22.0:
  version "2.22.0"
  resolved "https://registry.yarnpkg.com/aws-cdk/-/aws-cdk-2.22.0.tgz#3d0a3158f228f398faed49d73372f8aa351034bf"
  integrity sha512-oF3VCv/rtuLk8eLb6CBEWvEobabG8q05ersawGEy9CBhKbKNjfY1FDz6gc3ssksTwfcJqyJms2l/BQlLMBjugw==
  optionalDependencies:
    fsevents "2.3.2"

balanced-match@^1.0.0:
  version "1.0.2"
  resolved "https://registry.yarnpkg.com/balanced-match/-/balanced-match-1.0.2.tgz#e83e3a7e3f300b34cb9d87f615fa0cbf357690ee"
  integrity sha512-3oSeUO0TMV67hN1AmbXsK4yaqU7tjiHlbxRDZOpH0KW9+CeX4bRAaX0Anxt0tx2MrpRpWwQaPwIlISEJhYU5Pw==

brace-expansion@^1.1.7:
  version "1.1.11"
  resolved "https://registry.yarnpkg.com/brace-expansion/-/brace-expansion-1.1.11.tgz#3c7fcbf529d87226f3d2f52b966ff5271eb441dd"
  integrity sha512-iCuPHDFgrHX7H2vEI/5xpz07zSHB00TpugqhmYtVmMO6518mCuRMoOYFldEBl0g187ufozdaHgWKcYFb61qGiA==
  dependencies:
    balanced-match "^1.0.0"
    concat-map "0.0.1"

buffer-from@^1.0.0:
  version "1.1.2"
  resolved "https://registry.yarnpkg.com/buffer-from/-/buffer-from-1.1.2.tgz#2b146a6fd72e80b4f55d255f35ed59a3a9a41bd5"
  integrity sha512-E+XQCRwSbaaiChtv6k6Dwgc+bx+Bs6vuKJHHl5kox/BaKbhiXzqQOwK4cO22yElGp2OCmjwVhT3HmxgyPGnJfQ==

case@1.6.3:
  version "1.6.3"
  resolved "https://registry.yarnpkg.com/case/-/case-1.6.3.tgz#0a4386e3e9825351ca2e6216c60467ff5f1ea1c9"
  integrity sha512-mzDSXIPaFwVDvZAHqZ9VlbyF4yyXRuX6IvB06WvPYkqJVO24kX1PPhv9bfpKNFZyxYFmmgo03HUiD8iklmJYRQ==

chalk@^4, chalk@^4.0.0:
  version "4.1.2"
  resolved "https://registry.yarnpkg.com/chalk/-/chalk-4.1.2.tgz#aac4e2b7734a740867aeb16bf02aad556a1e7a01"
  integrity sha512-oKnbhFyRIXpUuez8iBMmyEa4nbj4IOQyuhc/wy9kY7/WVPcwIO9VA668Pu8RkO7+0G76SLROeyw9CpQ061i4mA==
  dependencies:
    ansi-styles "^4.1.0"
    supports-color "^7.1.0"

charenc@0.0.2:
  version "0.0.2"
  resolved "https://registry.yarnpkg.com/charenc/-/charenc-0.0.2.tgz#c0a1d2f3a7092e03774bfa83f14c0fc5790a8667"
  integrity sha1-wKHS86cJLgN3S/qD8UwPxXkKhmc=

color-convert@^2.0.1:
  version "2.0.1"
  resolved "https://registry.yarnpkg.com/color-convert/-/color-convert-2.0.1.tgz#72d3a68d598c9bdb3af2ad1e84f21d896abd4de3"
  integrity sha512-RRECPsj7iu/xb5oKYcsFHSppFNnsj/52OVTRKb4zP5onXwVF3zVmmToNcOfGC+CRDpfK/U584fMg38ZHCaElKQ==
  dependencies:
    color-name "~1.1.4"

color-name@~1.1.4:
  version "1.1.4"
  resolved "https://registry.yarnpkg.com/color-name/-/color-name-1.1.4.tgz#c2a09a87acbde69543de6f63fa3995c826c536a2"
  integrity sha512-dOy+3AuW3a2wNbZHIuMZpTcgjGuLU/uBL/ubcZF9OXbDo8ff4O8yVp5Bf0efS8uEoYo5q4Fx7dY9OgQGXgAsQA==

concat-map@0.0.1:
  version "0.0.1"
  resolved "https://registry.yarnpkg.com/concat-map/-/concat-map-0.0.1.tgz#d8a96bd77fd68df7793a73036a3ba0d5405d477b"
  integrity sha1-2Klr13/Wjfd5OnMDajug1UBdR3s=

constructs@^3.3.69:
  version "3.3.225"
  resolved "https://registry.yarnpkg.com/constructs/-/constructs-3.3.225.tgz#351be7e35c9adc50991da1f2d22fc0d156ec3062"
  integrity sha512-sTqaeWxDuQnXRGgHpKpnafFdzw6i0qCdA4wIkmk55uJ89u2LHirvxiU3BWdFZduEmMr3Jm5K3SvsBjWmzcfU2A==

create-require@^1.1.0:
  version "1.1.1"
  resolved "https://registry.yarnpkg.com/create-require/-/create-require-1.1.1.tgz#c1d7e8f1e5f6cfc9ff65f9cd352d37348756c333"
  integrity sha512-dcKFX3jn0MpIaXjisoRvexIJVEKzaq7z2rZKxf+MSr9TkdmHmsU4m2lcLojrj/FHl8mk5VxMmYA+ftRkP/3oKQ==

crypt@0.0.2:
  version "0.0.2"
  resolved "https://registry.yarnpkg.com/crypt/-/crypt-0.0.2.tgz#88d7ff7ec0dfb86f713dc87bbb42d044d3e6c41b"
  integrity sha1-iNf/fsDfuG9xPch7u0LQRNPmxBs=

diff-sequences@^27.5.1:
  version "27.5.1"
  resolved "https://registry.yarnpkg.com/diff-sequences/-/diff-sequences-27.5.1.tgz#eaecc0d327fd68c8d9672a1e64ab8dccb2ef5327"
  integrity sha512-k1gCAXAsNgLwEL+Y8Wvl+M6oEFj5bgazfZULpS5CneoPPXRaCCW7dm+q21Ky2VEE5X+VeRDBVg1Pcvvsr4TtNQ==

diff@^4.0.1:
  version "4.0.2"
  resolved "https://registry.yarnpkg.com/diff/-/diff-4.0.2.tgz#60f3aecb89d5fae520c11aa19efc2bb982aade7d"
  integrity sha512-58lmxKSA4BNyLz+HHMUzlOEpg09FV+ev6ZMe3vJihgdxzgcwZ8VoEEPmALCZG9LmqfVoNMMKpttIYTVG6uDY7A==

diff@^5.0.0:
  version "5.0.0"
  resolved "https://registry.yarnpkg.com/diff/-/diff-5.0.0.tgz#7ed6ad76d859d030787ec35855f5b1daf31d852b"
  integrity sha512-/VTCrvm5Z0JGty/BWHljh+BAiw3IK+2j87NGMu8Nwc/f48WoDAC395uomO9ZD117ZOBaHmkX1oyLvkVM/aIT3w==

emoji-regex@^8.0.0:
  version "8.0.0"
  resolved "https://registry.yarnpkg.com/emoji-regex/-/emoji-regex-8.0.0.tgz#e818fd69ce5ccfcb404594f842963bf53164cc37"
  integrity sha512-MSjYzcWNOA0ewAHpz0MxpYFvwg6yjy1NG3xteoqz644VCo/RPgnr1/GGt+ic3iJTzQ8Eu3TdM14SawnVUmGE6A==

fast-deep-equal@^3.1.1, fast-deep-equal@^3.1.3:
  version "3.1.3"
  resolved "https://registry.yarnpkg.com/fast-deep-equal/-/fast-deep-equal-3.1.3.tgz#3a7d56b559d6cbc3eb512325244e619a65c6c525"
  integrity sha512-f3qQ9oQy9j2AhBe/H9VC91wLmKBCCU/gDOnKNAYG5hswO7BLKj09Hc5HYNz9cGI++xlpDCIgDaitVs03ATR84Q==

fs-extra@^9.1.0:
  version "9.1.0"
  resolved "https://registry.yarnpkg.com/fs-extra/-/fs-extra-9.1.0.tgz#5954460c764a8da2094ba3554bf839e6b9a7c86d"
  integrity sha512-hcg3ZmepS30/7BSFqRvoo3DOMQu7IjqxO5nCDt+zM9XWjb33Wg7ziNT+Qvqbuc3+gWpzO02JubVyk2G4Zvo1OQ==
  dependencies:
    at-least-node "^1.0.0"
    graceful-fs "^4.2.0"
    jsonfile "^6.0.1"
    universalify "^2.0.0"

fsevents@2.3.2:
  version "2.3.2"
  resolved "https://registry.yarnpkg.com/fsevents/-/fsevents-2.3.2.tgz#8a526f78b8fdf4623b709e0b975c52c24c02fd1a"
  integrity sha512-xiqMQR4xAeHTuB9uWm+fFRcIOgKBMiOBP+eXiyT7jsgVCq1bkVygt00oASowB7EdtpOHaaPgKt812P9ab+DDKA==

get-value@^3.0.0:
  version "3.0.1"
  resolved "https://registry.yarnpkg.com/get-value/-/get-value-3.0.1.tgz#5efd2a157f1d6a516d7524e124ac52d0a39ef5a8"
  integrity sha512-mKZj9JLQrwMBtj5wxi6MH8Z5eSKaERpAwjg43dPtlGI1ZVEgH/qC7T8/6R2OBSUA+zzHBZgICsVJaEIV2tKTDA==
  dependencies:
    isobject "^3.0.1"

graceful-fs@^4.1.6, graceful-fs@^4.2.0:
  version "4.2.9"
  resolved "https://registry.yarnpkg.com/graceful-fs/-/graceful-fs-4.2.9.tgz#041b05df45755e587a24942279b9d113146e1c96"
  integrity sha512-NtNxqUcXgpW2iMrfqSfR73Glt39K+BLwWsPs94yR63v45T0Wbej7eRmL5cWfwEgqXnmjQp3zaJTshdRW/qC2ZQ==

has-flag@^4.0.0:
  version "4.0.0"
  resolved "https://registry.yarnpkg.com/has-flag/-/has-flag-4.0.0.tgz#944771fd9c81c81265c4d6941860da06bb59479b"
  integrity sha512-EykJT/Q1KjTWctppgIAgfSO0tKVuZUjhgMr17kqTumMl6Afv3EISleU7qZUzoXDFTAHTDC4NOoG/ZxU3EvlMPQ==

has-value@^2.0.2:
  version "2.0.2"
  resolved "https://registry.yarnpkg.com/has-value/-/has-value-2.0.2.tgz#d0f12e8780ba8e90e66ad1a21c707fdb67c25658"
  integrity sha512-ybKOlcRsK2MqrM3Hmz/lQxXHZ6ejzSPzpNabKB45jb5qDgJvKPa3SdapTsTLwEb9WltgWpOmNax7i+DzNOk4TA==
  dependencies:
    get-value "^3.0.0"
    has-values "^2.0.1"

has-values@^2.0.1:
  version "2.0.1"
  resolved "https://registry.yarnpkg.com/has-values/-/has-values-2.0.1.tgz#3876200ff86d8a8546a9264a952c17d5fc17579d"
  integrity sha512-+QdH3jOmq9P8GfdjFg0eJudqx1FqU62NQJ4P16rOEHeRdl7ckgwn6uqQjzYE0ZoHVV/e5E2esuJ5Gl5+HUW19w==
  dependencies:
    kind-of "^6.0.2"

ignore@^5.2.0:
  version "5.2.0"
  resolved "https://registry.yarnpkg.com/ignore/-/ignore-5.2.0.tgz#6d3bac8fa7fe0d45d9f9be7bac2fc279577e345a"
  integrity sha512-CmxgYGiEPCLhfLnpPp1MoRmifwEIOgjcHXxOBjv7mY96c+eWScsOP9c112ZyLdWHi0FxHjI+4uVhKYp/gcdRmQ==

is-buffer@~1.1.6:
  version "1.1.6"
  resolved "https://registry.yarnpkg.com/is-buffer/-/is-buffer-1.1.6.tgz#efaa2ea9daa0d7ab2ea13a97b2b8ad51fefbe8be"
  integrity sha512-NcdALwpXkTm5Zvvbk7owOUSvVvBKDgKP5/ewfXEznmQFfs4ZRmanOeKBTjRVjka3QFoN6XJ+9F3USqfHqTaU5w==

is-fullwidth-code-point@^3.0.0:
  version "3.0.0"
  resolved "https://registry.yarnpkg.com/is-fullwidth-code-point/-/is-fullwidth-code-point-3.0.0.tgz#f116f8064fe90b3f7844a38997c0b75051269f1d"
  integrity sha512-zymm5+u+sCsSWyD9qNaejV3DFvhCKclKdizYaJUuHA83RLjb7nSuGnddCHGv0hk+KY7BMAlsWeK4Ueg6EV6XQg==

isobject@^3.0.1:
  version "3.0.1"
  resolved "https://registry.yarnpkg.com/isobject/-/isobject-3.0.1.tgz#4e431e92b11a9731636aa1f9c8d1ccbcfdab78df"
  integrity sha1-TkMekrEalzFjaqH5yNHMvP2reN8=

isobject@^4.0.0:
  version "4.0.0"
  resolved "https://registry.yarnpkg.com/isobject/-/isobject-4.0.0.tgz#3f1c9155e73b192022a80819bacd0343711697b0"
  integrity sha512-S/2fF5wH8SJA/kmwr6HYhK/RI/OkhD84k8ntalo0iJjZikgq1XFvR5M8NPT1x5F7fBwCG3qHfnzeP/Vh/ZxCUA==

jest-diff@^27.5.1:
  version "27.5.1"
  resolved "https://registry.yarnpkg.com/jest-diff/-/jest-diff-27.5.1.tgz#a07f5011ac9e6643cf8a95a462b7b1ecf6680def"
  integrity sha512-m0NvkX55LDt9T4mctTEgnZk3fmEg3NRYutvMPWM/0iPnkFj2wIeF45O1718cMSOFO1vINkqmxqD8vE37uTEbqw==
  dependencies:
    chalk "^4.0.0"
    diff-sequences "^27.5.1"
    jest-get-type "^27.5.1"
    pretty-format "^27.5.1"

jest-get-type@^27.5.1:
  version "27.5.1"
  resolved "https://registry.yarnpkg.com/jest-get-type/-/jest-get-type-27.5.1.tgz#3cd613c507b0f7ace013df407a1c1cd578bcb4f1"
  integrity sha512-2KY95ksYSaK7DMBWQn6dQz3kqAf3BB64y2udeG+hv4KfSOb9qwcYQstTJc1KCbsix+wLZWZYN8t7nwX3GOBLRw==

jest-matcher-utils@^27.0.0:
  version "27.5.1"
  resolved "https://registry.yarnpkg.com/jest-matcher-utils/-/jest-matcher-utils-27.5.1.tgz#9c0cdbda8245bc22d2331729d1091308b40cf8ab"
  integrity sha512-z2uTx/T6LBaCoNWNFWwChLBKYxTMcGBRjAt+2SbP929/Fflb9aa5LGma654Rz8z9HLxsrUaYzxE9T/EFIL/PAw==
  dependencies:
    chalk "^4.0.0"
    jest-diff "^27.5.1"
    jest-get-type "^27.5.1"
    pretty-format "^27.5.1"

json-schema-traverse@^1.0.0:
  version "1.0.0"
  resolved "https://registry.yarnpkg.com/json-schema-traverse/-/json-schema-traverse-1.0.0.tgz#ae7bcb3656ab77a73ba5c49bf654f38e6b6860e2"
  integrity sha512-NM8/P9n3XjXhIZn1lLhkFaACTOURQXjWhV4BA/RnOv8xvgqtqpAX9IO4mRQxSx1Rlo4tqzeqb0sOlruaOy3dug==

jsonfile@^6.0.1:
  version "6.1.0"
  resolved "https://registry.yarnpkg.com/jsonfile/-/jsonfile-6.1.0.tgz#bc55b2634793c679ec6403094eb13698a6ec0aae"
  integrity sha512-5dgndWOriYSm5cnYaJNhalLNDKOqFwyDB/rr1E9ZsGciGvKPs8R2xYGCacuf3z6K1YKDz182fd+fY3cn3pMqXQ==
  dependencies:
    universalify "^2.0.0"
  optionalDependencies:
    graceful-fs "^4.1.6"

jsonschema@^1.4.0:
  version "1.4.0"
  resolved "https://registry.yarnpkg.com/jsonschema/-/jsonschema-1.4.0.tgz#1afa34c4bc22190d8e42271ec17ac8b3404f87b2"
  integrity sha512-/YgW6pRMr6M7C+4o8kS+B/2myEpHCrxO4PEWnqJNBFMjn7EWXqlQ4tGwL6xTHeRplwuZmcAncdvfOad1nT2yMw==

kind-of@^6.0.2:
  version "6.0.3"
  resolved "https://registry.yarnpkg.com/kind-of/-/kind-of-6.0.3.tgz#07c05034a6c349fa06e24fa35aa76db4580ce4dd"
  integrity sha512-dcS1ul+9tmeD95T+x28/ehLgd9mENa3LsvDTtzm3vyBEO7RPptvAD+t44WVXaUjTBRcrpFeFlC8WCruUR456hw==

lodash.truncate@^4.4.2:
  version "4.4.2"
  resolved "https://registry.yarnpkg.com/lodash.truncate/-/lodash.truncate-4.4.2.tgz#5a350da0b1113b837ecfffd5812cbe58d6eae193"
  integrity sha1-WjUNoLERO4N+z//VgSy+WNbq4ZM=

lru-cache@^6.0.0:
  version "6.0.0"
  resolved "https://registry.yarnpkg.com/lru-cache/-/lru-cache-6.0.0.tgz#6d6fe6570ebd96aaf90fcad1dafa3b2566db3a94"
  integrity sha512-Jo6dJ04CmSjuznwJSS3pUeWmd/H0ffTlkXXgwZi+eq1UCmqQwCh+eLsYOYCwY991i2Fah4h1BEMCx4qThGbsiA==
  dependencies:
    yallist "^4.0.0"

make-error@^1.1.1:
  version "1.3.6"
  resolved "https://registry.yarnpkg.com/make-error/-/make-error-1.3.6.tgz#2eb2e37ea9b67c4891f684a1394799af484cf7a2"
  integrity sha512-s8UhlNe7vPKomQhC1qFelMokr/Sc3AgNbso3n74mVPA5LTZwkB9NlXf4XPamLxJE8h0gh73rM94xvwRT2CVInw==

md5@^2.3.0:
  version "2.3.0"
  resolved "https://registry.yarnpkg.com/md5/-/md5-2.3.0.tgz#c3da9a6aae3a30b46b7b0c349b87b110dc3bda4f"
  integrity sha512-T1GITYmFaKuO91vxyoQMFETst+O71VUPEU3ze5GNzDm0OWdP8v1ziTaAEPUr/3kLsY3Sftgz242A1SetQiDL7g==
  dependencies:
    charenc "0.0.2"
    crypt "0.0.2"
    is-buffer "~1.1.6"

minimatch@^3.1.2:
  version "3.1.2"
  resolved "https://registry.yarnpkg.com/minimatch/-/minimatch-3.1.2.tgz#19cd194bfd3e428f049a70817c038d89ab4be35b"
  integrity sha512-J7p63hRiAjw1NDEww1W7i37+ByIrOWO5XQQAzZ3VOcL0PNybwpfmV/N05zFAzwQ9USyEcX6t3UO+K5aqBQOIHw==
  dependencies:
    brace-expansion "^1.1.7"

pretty-format@^27.0.0, pretty-format@^27.5.1:
  version "27.5.1"
  resolved "https://registry.yarnpkg.com/pretty-format/-/pretty-format-27.5.1.tgz#2181879fdea51a7a5851fb39d920faa63f01d88e"
  integrity sha512-Qb1gy5OrP5+zDf2Bvnzdl3jsTf1qXVMazbvCoKhtKqVs4/YK4ozX4gKQJJVyNe+cajNPn0KoC0MC3FUmaHWEmQ==
  dependencies:
    ansi-regex "^5.0.1"
    ansi-styles "^5.0.0"
    react-is "^17.0.1"

punycode@^2.1.0, punycode@^2.1.1:
  version "2.1.1"
  resolved "https://registry.yarnpkg.com/punycode/-/punycode-2.1.1.tgz#b58b010ac40c22c5657616c8d2c2c02c7bf479ec"
  integrity sha512-XRsRjdf+j5ml+y/6GKHPZbrF/8p2Yga0JPtdqTIY2Xe5ohJPD9saDJJLPvp9+NSBprVvevdXZybnj2cv8OEd0A==

react-is@^17.0.1:
  version "17.0.2"
  resolved "https://registry.yarnpkg.com/react-is/-/react-is-17.0.2.tgz#e691d4a8e9c789365655539ab372762b0efb54f0"
  integrity sha512-w2GsyukL62IJnlaff/nRegPQR94C/XXamvMWmSHRJ4y7Ts/4ocGRmTHvOs8PSE6pB3dWOrD/nueuU5sduBsQ4w==

require-from-string@^2.0.2:
  version "2.0.2"
  resolved "https://registry.yarnpkg.com/require-from-string/-/require-from-string-2.0.2.tgz#89a7fdd938261267318eafe14f9c32e598c36909"
  integrity sha512-Xf0nWe6RseziFMu+Ap9biiUbmplq6S9/p+7w7YXP/JBHhrUDDUhwa+vANyubuqfZWTveU//DYVGsDG7RKL/vEw==

semver@^7.3.5:
  version "7.3.5"
  resolved "https://registry.yarnpkg.com/semver/-/semver-7.3.5.tgz#0b621c879348d8998e4b0e4be94b3f12e6018ef7"
  integrity sha512-PoeGJYh8HK4BTO/a9Tf6ZG3veo/A7ZVsYrSA6J8ny9nb3B1VrpkuN+z9OE5wfE5p6H4LchYZsegiQgbJD94ZFQ==
  dependencies:
    lru-cache "^6.0.0"

slice-ansi@^4.0.0:
  version "4.0.0"
  resolved "https://registry.yarnpkg.com/slice-ansi/-/slice-ansi-4.0.0.tgz#500e8dd0fd55b05815086255b3195adf2a45fe6b"
  integrity sha512-qMCMfhY040cVHT43K9BFygqYbUPFZKHOg7K73mtTWJRb8pyP3fzf4Ixd5SzdEJQ6MRUg/WBnOLxghZtKKurENQ==
  dependencies:
    ansi-styles "^4.0.0"
    astral-regex "^2.0.0"
    is-fullwidth-code-point "^3.0.0"

source-map-support@^0.5.21:
  version "0.5.21"
  resolved "https://registry.yarnpkg.com/source-map-support/-/source-map-support-0.5.21.tgz#04fe7c7f9e1ed2d662233c28cb2b35b9f63f6e4f"
  integrity sha512-uBHU3L3czsIyYXKX88fdrGovxdSCoTGDRZ6SYXtSRxLZUzHg5P/66Ht6uoUlHu9EZod+inXhKo3qQgwXUT/y1w==
  dependencies:
    buffer-from "^1.0.0"
    source-map "^0.6.0"

source-map@^0.6.0:
  version "0.6.1"
  resolved "https://registry.yarnpkg.com/source-map/-/source-map-0.6.1.tgz#74722af32e9614e9c287a8d0bbde48b5e2f1a263"
  integrity sha512-UjgapumWlbMhkBgzT7Ykc5YXUT46F0iKu8SGXq0bcwP5dz/h0Plj6enJqjz1Zbq2l5WaqYnrVbwWOWMyF3F47g==

string-width@^4.2.3:
  version "4.2.3"
  resolved "https://registry.yarnpkg.com/string-width/-/string-width-4.2.3.tgz#269c7117d27b05ad2e536830a8ec895ef9c6d010"
  integrity sha512-wKyQRQpjJ0sIp62ErSZdGsjMJWsap5oRNihHhu6G7JVO/9jIB6UyevL+tXuOqrng8j/cxKTWyWUwvSTriiZz/g==
  dependencies:
    emoji-regex "^8.0.0"
    is-fullwidth-code-point "^3.0.0"
    strip-ansi "^6.0.1"

strip-ansi@^6.0.1:
  version "6.0.1"
  resolved "https://registry.yarnpkg.com/strip-ansi/-/strip-ansi-6.0.1.tgz#9e26c63d30f53443e9489495b2105d37b67a85d9"
  integrity sha512-Y38VPSHcqkFrCpFnQ9vuSXmquuv5oXOKpGeT6aGrr3o3Gc9AlVa6JBfUSOCnbxGGZF+/0ooI7KrPuUSztUdU5A==
  dependencies:
    ansi-regex "^5.0.1"

supports-color@^7.1.0:
  version "7.2.0"
  resolved "https://registry.yarnpkg.com/supports-color/-/supports-color-7.2.0.tgz#1b7dcdcb32b8138801b3e478ba6a51caa89648da"
  integrity sha512-qpCAvRl9stuOHveKsn7HncJRvv501qIacKzQlO/+Lwxc9+0q2wLyv4Dfvt80/DPn2pqOBsJdDiogXGR9+OvwRw==
  dependencies:
    has-flag "^4.0.0"

table@^6.8.0:
  version "6.8.0"
  resolved "https://registry.yarnpkg.com/table/-/table-6.8.0.tgz#87e28f14fa4321c3377ba286f07b79b281a3b3ca"
  integrity sha512-s/fitrbVeEyHKFa7mFdkuQMWlH1Wgw/yEXMt5xACT4ZpzWFluehAxRtUUQKPuWhaLAWhFcVx6w3oC8VKaUfPGA==
  dependencies:
    ajv "^8.0.1"
    lodash.truncate "^4.4.2"
    slice-ansi "^4.0.0"
    string-width "^4.2.3"
    strip-ansi "^6.0.1"

ts-node@^10.7.0:
  version "10.7.0"
  resolved "https://registry.yarnpkg.com/ts-node/-/ts-node-10.7.0.tgz#35d503d0fab3e2baa672a0e94f4b40653c2463f5"
  integrity sha512-TbIGS4xgJoX2i3do417KSaep1uRAW/Lu+WAL2doDHC0D6ummjirVOXU5/7aiZotbQ5p1Zp9tP7U6cYhA0O7M8A==
  dependencies:
    "@cspotcode/source-map-support" "0.7.0"
    "@tsconfig/node10" "^1.0.7"
    "@tsconfig/node12" "^1.0.7"
    "@tsconfig/node14" "^1.0.0"
    "@tsconfig/node16" "^1.0.2"
    acorn "^8.4.1"
    acorn-walk "^8.1.1"
    arg "^4.1.0"
    create-require "^1.1.0"
    diff "^4.0.1"
    make-error "^1.1.1"
    v8-compile-cache-lib "^3.0.0"
    yn "3.1.1"

typescript@^4.6.4:
  version "4.6.4"
  resolved "https://registry.yarnpkg.com/typescript/-/typescript-4.6.4.tgz#caa78bbc3a59e6a5c510d35703f6a09877ce45e9"
  integrity sha512-9ia/jWHIEbo49HfjrLGfKbZSuWo9iTMwXO+Ca3pRsSpbsMbc7/IU8NKdCZVRRBafVPGnoJeFL76ZOAA84I9fEg==

universalify@^2.0.0:
  version "2.0.0"
  resolved "https://registry.yarnpkg.com/universalify/-/universalify-2.0.0.tgz#75a4984efedc4b08975c5aeb73f530d02df25717"
  integrity sha512-hAZsKq7Yy11Zu1DE0OzWjw7nnLZmJZYTDZZyEFHZdUhV8FkH5MCfoU1XMaxXovpyW5nq5scPqq0ZDP9Zyl04oQ==

unset-value@^2.0.1:
  version "2.0.1"
  resolved "https://registry.yarnpkg.com/unset-value/-/unset-value-2.0.1.tgz#57bed0c22d26f28d69acde5df9a11b77c74d2df3"
  integrity sha512-2hvrBfjUE00PkqN+q0XP6yRAOGrR06uSiUoIQGZkc7GxvQ9H7v8quUPNtZjMg4uux69i8HWpIjLPUKwCuRGyNg==
  dependencies:
    has-value "^2.0.2"
    isobject "^4.0.0"

uri-js@^4.2.2:
  version "4.4.1"
  resolved "https://registry.yarnpkg.com/uri-js/-/uri-js-4.4.1.tgz#9b1a52595225859e55f669d928f88c6c57f2a77e"
  integrity sha512-7rKUyy33Q1yc98pQ1DAmLtwX109F7TIfWlW1Ydo8Wl1ii1SeHieeh0HHfPeL2fMXK6z0s8ecKs9frCuLJvndBg==
  dependencies:
    punycode "^2.1.0"

v8-compile-cache-lib@^3.0.0:
  version "3.0.0"
  resolved "https://registry.yarnpkg.com/v8-compile-cache-lib/-/v8-compile-cache-lib-3.0.0.tgz#0582bcb1c74f3a2ee46487ceecf372e46bce53e8"
  integrity sha512-mpSYqfsFvASnSn5qMiwrr4VKfumbPyONLCOPmsR3A6pTY/r0+tSaVbgPWSAIuzbk3lCTa+FForeTiO+wBQGkjA==

yallist@^4.0.0:
  version "4.0.0"
  resolved "https://registry.yarnpkg.com/yallist/-/yallist-4.0.0.tgz#9bb92790d9c0effec63be73519e11a35019a3a72"
  integrity sha512-3wdGidZyq5PB084XLES5TpOSRA3wjXAlIWMhum2kRcv/41Sn2emQ0dycQW4uZXLejwKvg6EsvbdlVL+FYEct7A==

yn@3.1.1:
  version "3.1.1"
  resolved "https://registry.yarnpkg.com/yn/-/yn-3.1.1.tgz#1e87401a09d767c1d5eab26a6e4c185182d2eb50"
  integrity sha512-Ux4ygGWsu2c7isFWe8Yu1YluJmqVhxqK2cLXNQA5AcC3QfbGNpM7fu0Y8b/z16pXLnFxZYvWhd3fhBY9DLmC6Q==
